
Microsoft Visual Studio Solution File, Format Version 12.00
# Visual Studio Version 17
VisualStudioVersion = 17.6.33829.357
MinimumVisualStudioVersion = 10.0.40219.1
Project("{FAE04EC0-301F-11D3-BF4B-00C04F79EFBC}") = "12882_WAD_CW", "12882_WAD_CW\12882_WAD_CW.csproj", "{24F77257-0A8C-4273-B365-85EFC3149894}"
EndProject
Project("{FAE04EC0-301F-11D3-BF4B-00C04F79EFBC}") = "12882_WAD_CW.DAL", "12882_WAD_CW.DAL\12882_WAD_CW.DAL.csproj", "{D9AE903D-6579-4084-B593-E376E50310A6}"
EndProject
Global
	GlobalSection(SolutionConfigurationPlatforms) = preSolution
		Debug|Any CPU = Debug|Any CPU
		Release|Any CPU = Release|Any CPU
	EndGlobalSection
	GlobalSection(ProjectConfigurationPlatforms) = postSolution
		{24F77257-0A8C-4273-B365-85EFC3149894}.Debug|Any CPU.ActiveCfg = Release|Any CPU
		{24F77257-0A8C-4273-B365-85EFC3149894}.Debug|Any CPU.Build.0 = Release|Any CPU
		{24F77257-0A8C-4273-B365-85EFC3149894}.Release|Any CPU.ActiveCfg = Release|Any CPU
		{24F77257-0A8C-4273-B365-85EFC3149894}.Release|Any CPU.Build.0 = Release|Any CPU
		{D9AE903D-6579-4084-B593-E376E50310A6}.Debug|Any CPU.ActiveCfg = Release|Any CPU
		{D9AE903D-6579-4084-B593-E376E50310A6}.Debug|Any CPU.Build.0 = Release|Any CPU
		{D9AE903D-6579-4084-B593-E376E50310A6}.Release|Any CPU.ActiveCfg = Release|Any CPU
		{D9AE903D-6579-4084-B593-E376E50310A6}.Release|Any CPU.Build.0 = Release|Any CPU
	EndGlobalSection
	GlobalSection(SolutionProperties) = preSolution
		HideSolutionNode = FALSE
	EndGlobalSection
	GlobalSection(ExtensibilityGlobals) = postSolution
		SolutionGuid = {598C7D52-A5CB-47ED-890D-7A3154B6C53D}
	EndGlobalSection
EndGlobal
